
Microsoft Visual Studio Solution File, Format Version 12.00
# Visual Studio 2013
VisualStudioVersion = 12.0.30324.0
MinimumVisualStudioVersion = 10.0.40219.1
Project("{FAE04EC0-301F-11D3-BF4B-00C04F79EFBC}") = "Shard", "Shard\Shard.csproj", "{F255D958-FD03-420E-AE0F-ED3CE1E7B34B}"
EndProject
Project("{FAE04EC0-301F-11D3-BF4B-00C04F79EFBC}") = "Shard.Client", "Shard.Client\Shard.Client.csproj", "{247568F0-256F-4DFF-B427-4169B0E56743}"
EndProject
Project("{FAE04EC0-301F-11D3-BF4B-00C04F79EFBC}") = "Shard.Tests", "Shard.Tests\Shard.Tests.csproj", "{8FBF0E26-8BEA-41AD-99A5-37941AD88380}"
EndProject
Project("{FAE04EC0-301F-11D3-BF4B-00C04F79EFBC}") = "Shard.Framework", "Shard.Framework\Shard.Framework.csproj", "{AE32E025-C882-4934-AFB1-08798731BE2B}"
EndProject
Global
	GlobalSection(SolutionConfigurationPlatforms) = preSolution
		Debug|Any CPU = Debug|Any CPU
		Release|Any CPU = Release|Any CPU
	EndGlobalSection
	GlobalSection(ProjectConfigurationPlatforms) = postSolution
		{F255D958-FD03-420E-AE0F-ED3CE1E7B34B}.Debug|Any CPU.ActiveCfg = Debug|Any CPU
		{F255D958-FD03-420E-AE0F-ED3CE1E7B34B}.Debug|Any CPU.Build.0 = Debug|Any CPU
		{F255D958-FD03-420E-AE0F-ED3CE1E7B34B}.Release|Any CPU.ActiveCfg = Release|Any CPU
		{F255D958-FD03-420E-AE0F-ED3CE1E7B34B}.Release|Any CPU.Build.0 = Release|Any CPU
		{247568F0-256F-4DFF-B427-4169B0E56743}.Debug|Any CPU.ActiveCfg = Debug|Any CPU
		{247568F0-256F-4DFF-B427-4169B0E56743}.Debug|Any CPU.Build.0 = Debug|Any CPU
		{247568F0-256F-4DFF-B427-4169B0E56743}.Release|Any CPU.ActiveCfg = Release|Any CPU
		{247568F0-256F-4DFF-B427-4169B0E56743}.Release|Any CPU.Build.0 = Release|Any CPU
		{8FBF0E26-8BEA-41AD-99A5-37941AD88380}.Debug|Any CPU.ActiveCfg = Debug|Any CPU
		{8FBF0E26-8BEA-41AD-99A5-37941AD88380}.Debug|Any CPU.Build.0 = Debug|Any CPU
		{8FBF0E26-8BEA-41AD-99A5-37941AD88380}.Release|Any CPU.ActiveCfg = Release|Any CPU
		{8FBF0E26-8BEA-41AD-99A5-37941AD88380}.Release|Any CPU.Build.0 = Release|Any CPU
		{AE32E025-C882-4934-AFB1-08798731BE2B}.Debug|Any CPU.ActiveCfg = Debug|Any CPU
		{AE32E025-C882-4934-AFB1-08798731BE2B}.Debug|Any CPU.Build.0 = Debug|Any CPU
		{AE32E025-C882-4934-AFB1-08798731BE2B}.Release|Any CPU.ActiveCfg = Release|Any CPU
		{AE32E025-C882-4934-AFB1-08798731BE2B}.Release|Any CPU.Build.0 = Release|Any CPU
	EndGlobalSection
	GlobalSection(SolutionProperties) = preSolution
		HideSolutionNode = FALSE
	EndGlobalSection
EndGlobal
